{
  "version": "4",
  "specifiers": {
    "npm:@rescript/webapi@experimental": "0.1.0-experimental-e13fb00",
    "npm:rescript@12.0.0-alpha.5": "12.0.0-alpha.5",
    "npm:rescript@next": "12.0.0-alpha.5"
  },
  "npm": {
    "@rescript/webapi@0.1.0-experimental-e13fb00": {
      "integrity": "sha512-nb83WHP/8iLYaj947js38Z84UPMAoeGEZ4VymUHYHGVukdjh07baP0s0O/tjhFNdgtMKOzVvYOvj3XU0cqkk5Q==",
      "dependencies": [
        "rescript"
      ]
    },
    "rescript@12.0.0-alpha.5": {
      "integrity": "sha512-s2GGg9fkoiDBiP0uuJ1RRG5NBq+SkGqxMEmt32q9tTJoueL7bfU/9Jj3UgSwFFNdehuns1taAOvP2DV4IE+R9A=="
    }
  },
  "workspace": {
    "dependencies": [
      "npm:@rescript/webapi@experimental",
      "npm:rescript@next"
    ]
  }
}
