{
  "version": "4",
  "specifiers": {
    "npm:@rescript/webapi@experimental": "0.1.0-experimental-390e51f",
    "npm:rescript@12.0.0-alpha.9": "12.0.0-alpha.9",
    "npm:rescript@next": "12.0.0-alpha.9"
  },
  "npm": {
    "@rescript/webapi@0.1.0-experimental-390e51f": {
      "integrity": "sha512-p5r2swh9vqcHAVOaBdWxaTcfUmL9fL+u6QnqKfKyLLHH4sBdYE88543zzBxEM80LuvBofDOsECJw+5fstV1w/w==",
      "dependencies": [
        "rescript"
      ]
    },
    "rescript@12.0.0-alpha.9": {
      "integrity": "sha512-h1RHv3AGge/td+4s3mufCyJkBQ+/OcQtu3RyvQjR0c3SZJNB87G/0LESoa7FLlKokwjtX+fpcIoQP9WK2PDAqQ=="
    }
  },
  "workspace": {
    "dependencies": [
      "npm:@rescript/webapi@experimental",
      "npm:rescript@next"
    ]
  }
}
